{
  "version": 4,
  "terraform_version": "1.6.2",
  "serial": 2716,
  "lineage": "d273fc10-6392-a470-7174-0c09ef3bf4b4",
  "outputs": {},
  "resources": [
    {
      "module": "module.asg",
      "mode": "managed",
      "type": "aws_autoscaling_group",
      "name": "WP_ASG",
      "provider": "provider[\"registry.terraform.io/hashicorp/aws\"]",
      "instances": [
        {
          "schema_version": 1,
          "attributes": {
            "arn": "arn:aws:autoscaling:us-east-1:517015374353:autoScalingGroup:d89c2294-b0c6-45bd-93e1-23161ef0c1b4:autoScalingGroupName/wpasg",
            "availability_zones": [
              "us-east-1a",
              "us-east-1b"
            ],
            "capacity_rebalance": false,
            "context": "",
            "default_cooldown": 300,
            "default_instance_warmup": 0,
            "desired_capacity": 1,
            "desired_capacity_type": "",
            "enabled_metrics": null,
            "force_delete": false,
            "force_delete_warm_pool": false,
            "health_check_grace_period": 300,
            "health_check_type": "EC2",
            "id": "wpasg",
            "ignore_failed_scaling_activities": false,
            "initial_lifecycle_hook": [],
            "instance_refresh": [],
            "launch_configuration": "",
            "launch_template": [
              {
                "id": "lt-0405cc6d8c9cd6093",
                "name": "WPASGLaunchTemplate",
                "version": ""
              }
            ],
            "load_balancers": [],
            "max_instance_lifetime": 0,
            "max_size": 1,
            "metrics_granularity": "1Minute",
            "min_elb_capacity": null,
            "min_size": 1,
            "mixed_instances_policy": [],
            "name": "wpasg",
            "name_prefix": "",
            "placement_group": "",
            "predicted_capacity": 0,
            "protect_from_scale_in": false,
            "service_linked_role_arn": "arn:aws:iam::517015374353:role/aws-service-role/autoscaling.amazonaws.com/AWSServiceRoleForAutoScaling",
            "suspended_processes": null,
            "tag": [],
            "target_group_arns": [
              "arn:aws:elasticloadbalancing:us-east-1:517015374353:targetgroup/WP-ALB/4cfc5a4a0d145292"
            ],
            "termination_policies": null,
            "timeouts": null,
            "traffic_source": [
              {
                "identifier": "arn:aws:elasticloadbalancing:us-east-1:517015374353:targetgroup/WP-ALB/4cfc5a4a0d145292",
                "type": "elbv2"
              }
            ],
            "vpc_zone_identifier": [
              "subnet-0397a1e9aba8e3f0a",
              "subnet-0ac89b67dc6240f1a"
            ],
            "wait_for_capacity_timeout": "10m",
            "wait_for_elb_capacity": null,
            "warm_pool": [],
            "warm_pool_size": 0
          },
          "sensitive_attributes": [],
          "private": "eyJlMmJmYjczMC1lY2FhLTExZTYtOGY4OC0zNDM2M2JjN2M0YzAiOnsiZGVsZXRlIjo2MDAwMDAwMDAwMDAsInVwZGF0ZSI6NjAwMDAwMDAwMDAwfSwic2NoZW1hX3ZlcnNpb24iOiIxIn0=",
          "dependencies": [
            "module.asg.aws_launch_template.WP_ASG_Launch_Template",
            "module.database.aws_db_instance.WP_RDS_MySQL",
            "module.database.aws_db_subnet_group.WP_RDS_SubnetGroup",
            "module.database.aws_efs_file_system.WP_EFS",
            "module.database.random_password.WP_RDS_password",
            "module.ec2.aws_ami_from_instance.WP_AMI_Instances",
            "module.ec2.aws_instance.WP_EC2_APP_AZ1",
            "module.ec2.time_sleep.wait_5_minutes",
            "module.firewall.aws_security_group.Bastion_Host_SG",
            "module.firewall.aws_security_group.WP_ALB_SG",
            "module.firewall.aws_security_group.WP_APP_SG",
            "module.firewall.aws_security_group.WP_RDS_SG",
            "module.loadbalancer.aws_lb_target_group.WP_ALB_Target_Group",
            "module.network.aws_subnet.WP_Subnets",
            "module.network.aws_vpc.WP_VPC"
          ]
        }
      ]
    },
    {
      "module": "module.asg",
      "mode": "managed",
      "type": "aws_launch_template",
      "name": "WP_ASG_Launch_Template",
      "provider": "provider[\"registry.terraform.io/hashicorp/aws\"]",
      "instances": [
        {
          "schema_version": 0,
          "attributes": {
            "arn": "arn:aws:ec2:us-east-1:517015374353:launch-template/lt-0405cc6d8c9cd6093",
            "block_device_mappings": [],
            "capacity_reservation_specification": [],
            "cpu_options": [],
            "credit_specification": [],
            "default_version": 1,
            "description": "",
            "disable_api_stop": false,
            "disable_api_termination": false,
            "ebs_optimized": "",
            "elastic_gpu_specifications": [],
            "elastic_inference_accelerator": [],
            "enclave_options": [],
            "hibernation_options": [],
            "iam_instance_profile": [],
            "id": "lt-0405cc6d8c9cd6093",
            "image_id": "ami-04fb760becac2c9c0",
            "instance_initiated_shutdown_behavior": "",
            "instance_market_options": [],
            "instance_requirements": [],
            "instance_type": "t2.micro",
            "kernel_id": "",
            "key_name": "keypairaz221",
            "latest_version": 1,
            "license_specification": [],
            "maintenance_options": [],
            "metadata_options": [],
            "monitoring": [],
            "name": "WPASGLaunchTemplate",
            "name_prefix": "",
            "network_interfaces": [],
            "placement": [],
            "private_dns_name_options": [],
            "ram_disk_id": "",
            "security_group_names": null,
            "tag_specifications": [],
            "tags": {
              "Name": "WP-ASG-Launch-Template"
            },
            "tags_all": {
              "Name": "WP-ASG-Launch-Template"
            },
            "update_default_version": null,
            "user_data": "IyEvYmluL2Jhc2gNCnN1ZG8gbW91bnQgLXQgbmZzNCAtbyBuZnN2ZXJzPTQuMSxyc2l6ZT0xMDQ4NTc2LHdzaXplPTEwNDg1NzYsaGFyZCx0aW1lbz02MDAscmV0cmFucz0yLG5vcmVzdnBvcnQgZnMtMGJkYjQ1ODQ3MmM4ZjliYWMuZWZzLnVzLWVhc3QtMS5hbWF6b25hd3MuY29tOi8gL3Zhci93d3cvaHRtbA0Kc3VkbyBiYXNoIC1jICdjYXQgPDxFT0YgPiAvZXRjL2FwYWNoZTIvc2l0ZXMtYXZhaWxhYmxlLzAwMC1kZWZhdWx0LmNvbmYNCjxWaXJ0dWFsSG9zdCAqOjgwPg0KICAgIERvY3VtZW50Um9vdCAvdmFyL3d3dy9odG1sDQogICAgPERpcmVjdG9yeSAvdmFyL3d3dy9odG1sPg0KICAgICAgICBPcHRpb25zIEZvbGxvd1N5bUxpbmtzDQogICAgICAgIEFsbG93T3ZlcnJpZGUgTGltaXQgT3B0aW9ucyBGaWxlSW5mbw0KICAgICAgICBEaXJlY3RvcnlJbmRleCBpbmRleC5waHANCiAgICAgICAgUmVxdWlyZSBhbGwgZ3JhbnRlZA0KICAgIDwvRGlyZWN0b3J5Pg0KICAgIDxEaXJlY3RvcnkgL3Zhci93d3cvaHRtbC93cC1jb250ZW50Pg0KICAgICAgICBPcHRpb25zIEZvbGxvd1N5bUxpbmtzDQogICAgICAgIFJlcXVpcmUgYWxsIGdyYW50ZWQNCiAgICA8L0RpcmVjdG9yeT4NCjwvVmlydHVhbEhvc3Q+DQojIHZpbTogc3ludGF4PWFwYWNoZSB0cz00IHN3PTQgc3RzPTQgc3Igbm9ldA0KRU9GJw0KDQpjZCAvZXRjL2FwYWNoZTIvc2l0ZXMtYXZhaWxhYmxlDQpzdWRvIGEyZW5zaXRlIDAwMC1kZWZhdWx0DQpzdWRvIHN5c3RlbWN0bCByZWxvYWQgYXBhY2hlMg0Kc3VkbyBzeXN0ZW1jdGwgcmVzdGFydCBhcGFjaGUyDQo=",
            "vpc_security_group_ids": [
              "sg-05b92ad4fdd2e4853"
            ]
          },
          "sensitive_attributes": [],
          "private": "bnVsbA==",
          "dependencies": [
            "module.database.aws_db_instance.WP_RDS_MySQL",
            "module.database.aws_db_subnet_group.WP_RDS_SubnetGroup",
            "module.database.aws_efs_file_system.WP_EFS",
            "module.database.random_password.WP_RDS_password",
            "module.ec2.aws_ami_from_instance.WP_AMI_Instances",
            "module.ec2.aws_instance.WP_EC2_APP_AZ1",
            "module.ec2.time_sleep.wait_5_minutes",
            "module.firewall.aws_security_group.Bastion_Host_SG",
            "module.firewall.aws_security_group.WP_ALB_SG",
            "module.firewall.aws_security_group.WP_APP_SG",
            "module.firewall.aws_security_group.WP_RDS_SG",
            "module.network.aws_subnet.WP_Subnets",
            "module.network.aws_vpc.WP_VPC"
          ]
        }
      ]
    },
    {
      "module": "module.database",
      "mode": "managed",
      "type": "aws_db_instance",
      "name": "WP_RDS_MySQL",
      "provider": "provider[\"registry.terraform.io/hashicorp/aws\"]",
      "instances": [
        {
          "schema_version": 2,
          "attributes": {
            "address": "wprdsmysql.cpx289vdno3p.us-east-1.rds.amazonaws.com",
            "allocated_storage": 20,
            "allow_major_version_upgrade": null,
            "apply_immediately": false,
            "arn": "arn:aws:rds:us-east-1:517015374353:db:wprdsmysql",
            "auto_minor_version_upgrade": true,
            "availability_zone": "us-east-1a",
            "backup_retention_period": 0,
            "backup_target": "region",
            "backup_window": "03:16-03:46",
            "blue_green_update": [],
            "ca_cert_identifier": "rds-ca-2019",
            "character_set_name": "",
            "copy_tags_to_snapshot": false,
            "custom_iam_instance_profile": "",
            "customer_owned_ip_enabled": false,
            "db_name": "",
            "db_subnet_group_name": "wp_rds_subnet_group",
            "delete_automated_backups": true,
            "deletion_protection": false,
            "domain": "",
            "domain_iam_role_name": "",
            "enabled_cloudwatch_logs_exports": null,
            "endpoint": "wprdsmysql.cpx289vdno3p.us-east-1.rds.amazonaws.com:3306",
            "engine": "mysql",
            "engine_version": "8.0.33",
            "engine_version_actual": "8.0.33",
            "final_snapshot_identifier": null,
            "hosted_zone_id": "Z2R2ITUGPM61AM",
            "iam_database_authentication_enabled": false,
            "id": "db-BNA6ULJJVYJUGEYXUUUOW72OR4",
            "identifier": "wprdsmysql",
            "identifier_prefix": "",
            "instance_class": "db.t3.micro",
            "iops": 0,
            "kms_key_id": "arn:aws:kms:us-east-1:517015374353:key/68887c60-bee9-46df-886b-ca7a9e48271d",
            "latest_restorable_time": "",
            "license_model": "general-public-license",
            "listener_endpoint": [],
            "maintenance_window": "sun:06:24-sun:06:54",
            "manage_master_user_password": null,
            "master_user_secret": [],
            "master_user_secret_kms_key_id": null,
            "max_allocated_storage": 0,
            "monitoring_interval": 0,
            "monitoring_role_arn": "",
            "multi_az": true,
            "nchar_character_set_name": "",
            "network_type": "IPV4",
            "option_group_name": "default:mysql-8-0",
            "parameter_group_name": "default.mysql8.0",
            "password": "MPQI8KxUVt",
            "performance_insights_enabled": false,
            "performance_insights_kms_key_id": "",
            "performance_insights_retention_period": 0,
            "port": 3306,
            "publicly_accessible": false,
            "replica_mode": "",
            "replicas": [],
            "replicate_source_db": "",
            "resource_id": "db-BNA6ULJJVYJUGEYXUUUOW72OR4",
            "restore_to_point_in_time": [],
            "s3_import": [],
            "skip_final_snapshot": true,
            "snapshot_identifier": null,
            "status": "available",
            "storage_encrypted": true,
            "storage_throughput": 0,
            "storage_type": "gp2",
            "tags": {
              "Environment": "Free tier",
              "Name": "WP_RDS_MySQL"
            },
            "tags_all": {
              "Environment": "Free tier",
              "Name": "WP_RDS_MySQL"
            },
            "timeouts": null,
            "timezone": "",
            "username": "SQLadmin",
            "vpc_security_group_ids": [
              "sg-07c23d5a8ce8f7a91"
            ]
          },
          "sensitive_attributes": [
            [
              {
                "type": "get_attr",
                "value": "password"
              }
            ]
          ],
          "private": "eyJlMmJmYjczMC1lY2FhLTExZTYtOGY4OC0zNDM2M2JjN2M0YzAiOnsiY3JlYXRlIjoyNDAwMDAwMDAwMDAwLCJkZWxldGUiOjM2MDAwMDAwMDAwMDAsInVwZGF0ZSI6NDgwMDAwMDAwMDAwMH0sInNjaGVtYV92ZXJzaW9uIjoiMiJ9",
          "dependencies": [
            "module.database.aws_db_subnet_group.WP_RDS_SubnetGroup",
            "module.database.random_password.WP_RDS_password",
            "module.firewall.aws_security_group.WP_RDS_SG",
            "module.network.aws_subnet.WP_Subnets",
            "module.network.aws_vpc.WP_VPC"
          ]
        }
      ]
    },
    {
      "module": "module.database",
      "mode": "managed",
      "type": "aws_db_subnet_group",
      "name": "WP_RDS_SubnetGroup",
      "provider": "provider[\"registry.terraform.io/hashicorp/aws\"]",
      "instances": [
        {
          "schema_version": 0,
          "attributes": {
            "arn": "arn:aws:rds:us-east-1:517015374353:subgrp:wp_rds_subnet_group",
            "description": "Managed by Terraform",
            "id": "wp_rds_subnet_group",
            "name": "wp_rds_subnet_group",
            "name_prefix": "",
            "subnet_ids": [
              "subnet-005fe933408024966",
              "subnet-0cb30941c4d13e399"
            ],
            "supported_network_types": [
              "IPV4"
            ],
            "tags": {
              "Name": "WP-RDS-SubnetGroup"
            },
            "tags_all": {
              "Name": "WP-RDS-SubnetGroup"
            },
            "vpc_id": "vpc-0e3a360cc26cc0442"
          },
          "sensitive_attributes": [],
          "private": "bnVsbA==",
          "dependencies": [
            "module.network.aws_subnet.WP_Subnets",
            "module.network.aws_vpc.WP_VPC"
          ]
        }
      ]
    },
    {
      "module": "module.database",
      "mode": "managed",
      "type": "aws_efs_file_system",
      "name": "WP_EFS",
      "provider": "provider[\"registry.terraform.io/hashicorp/aws\"]",
      "instances": [
        {
          "schema_version": 0,
          "attributes": {
            "arn": "arn:aws:elasticfilesystem:us-east-1:517015374353:file-system/fs-0bdb458472c8f9bac",
            "availability_zone_id": "",
            "availability_zone_name": "",
            "creation_token": "terraform-20231111172107907000000002",
            "dns_name": "fs-0bdb458472c8f9bac.efs.us-east-1.amazonaws.com",
            "encrypted": false,
            "id": "fs-0bdb458472c8f9bac",
            "kms_key_id": "",
            "lifecycle_policy": [
              {
                "transition_to_ia": "AFTER_30_DAYS",
                "transition_to_primary_storage_class": ""
              }
            ],
            "name": "WP-EFS",
            "number_of_mount_targets": 0,
            "owner_id": "517015374353",
            "performance_mode": "generalPurpose",
            "provisioned_throughput_in_mibps": 0,
            "size_in_bytes": [
              {
                "value": 6144,
                "value_in_ia": 0,
                "value_in_standard": 6144
              }
            ],
            "tags": {
              "Name": "WP-EFS"
            },
            "tags_all": {
              "Name": "WP-EFS"
            },
            "throughput_mode": "bursting"
          },
          "sensitive_attributes": [],
          "private": "bnVsbA=="
        }
      ]
    },
    {
      "module": "module.database",
      "mode": "managed",
      "type": "aws_efs_mount_target",
      "name": "WP_EFS_Mount_Target_AZ1",
      "provider": "provider[\"registry.terraform.io/hashicorp/aws\"]",
      "instances": [
        {
          "schema_version": 0,
          "attributes": {
            "availability_zone_id": "use1-az4",
            "availability_zone_name": "us-east-1a",
            "dns_name": "fs-0bdb458472c8f9bac.efs.us-east-1.amazonaws.com",
            "file_system_arn": "arn:aws:elasticfilesystem:us-east-1:517015374353:file-system/fs-0bdb458472c8f9bac",
            "file_system_id": "fs-0bdb458472c8f9bac",
            "id": "fsmt-010f21010cb93fb07",
            "ip_address": "172.16.0.122",
            "mount_target_dns_name": "us-east-1a.fs-0bdb458472c8f9bac.efs.us-east-1.amazonaws.com",
            "network_interface_id": "eni-004f373e11f1d493c",
            "owner_id": "517015374353",
            "security_groups": [
              "sg-0e1185341c742bb2b"
            ],
            "subnet_id": "subnet-005fe933408024966",
            "timeouts": null
          },
          "sensitive_attributes": [],
          "private": "eyJlMmJmYjczMC1lY2FhLTExZTYtOGY4OC0zNDM2M2JjN2M0YzAiOnsiY3JlYXRlIjoxODAwMDAwMDAwMDAwLCJkZWxldGUiOjYwMDAwMDAwMDAwMH19",
          "dependencies": [
            "module.database.aws_efs_file_system.WP_EFS",
            "module.firewall.aws_security_group.WP_EFS_SG",
            "module.network.aws_subnet.WP_Subnets",
            "module.network.aws_vpc.WP_VPC"
          ]
        }
      ]
    },
    {
      "module": "module.database",
      "mode": "managed",
      "type": "aws_efs_mount_target",
      "name": "WP_EFS_Mount_Target_AZ2",
      "provider": "provider[\"registry.terraform.io/hashicorp/aws\"]",
      "instances": [
        {
          "schema_version": 0,
          "attributes": {
            "availability_zone_id": "use1-az6",
            "availability_zone_name": "us-east-1b",
            "dns_name": "fs-0bdb458472c8f9bac.efs.us-east-1.amazonaws.com",
            "file_system_arn": "arn:aws:elasticfilesystem:us-east-1:517015374353:file-system/fs-0bdb458472c8f9bac",
            "file_system_id": "fs-0bdb458472c8f9bac",
            "id": "fsmt-0f8bf7d7f947849f8",
            "ip_address": "172.16.0.165",
            "mount_target_dns_name": "us-east-1b.fs-0bdb458472c8f9bac.efs.us-east-1.amazonaws.com",
            "network_interface_id": "eni-0c4fbfc5631ac134a",
            "owner_id": "517015374353",
            "security_groups": [
              "sg-0e1185341c742bb2b"
            ],
            "subnet_id": "subnet-0cb30941c4d13e399",
            "timeouts": null
          },
          "sensitive_attributes": [],
          "private": "eyJlMmJmYjczMC1lY2FhLTExZTYtOGY4OC0zNDM2M2JjN2M0YzAiOnsiY3JlYXRlIjoxODAwMDAwMDAwMDAwLCJkZWxldGUiOjYwMDAwMDAwMDAwMH19",
          "dependencies": [
            "module.database.aws_efs_file_system.WP_EFS",
            "module.firewall.aws_security_group.WP_EFS_SG",
            "module.network.aws_subnet.WP_Subnets",
            "module.network.aws_vpc.WP_VPC"
          ]
        }
      ]
    },
    {
      "module": "module.database",
      "mode": "managed",
      "type": "random_password",
      "name": "WP_RDS_password",
      "provider": "provider[\"registry.terraform.io/hashicorp/random\"]",
      "instances": [
        {
          "schema_version": 3,
          "attributes": {
            "bcrypt_hash": "$2a$10$nLVT4tPYeunWCgxqKUMT1ePF6Sn5LyChXkEUcHH57Ed9p1aeJTmmq",
            "id": "none",
            "keepers": null,
            "length": 10,
            "lower": true,
            "min_lower": 0,
            "min_numeric": 0,
            "min_special": 0,
            "min_upper": 0,
            "number": true,
            "numeric": true,
            "override_special": "_%@",
            "result": "MPQI8KxUVt",
            "special": true,
            "upper": true
          },
          "sensitive_attributes": []
        }
      ]
    },
    {
      "module": "module.dns",
      "mode": "managed",
      "type": "aws_route53_record",
      "name": "WP_record",
      "provider": "provider[\"registry.terraform.io/hashicorp/aws\"]",
      "instances": [
        {
          "schema_version": 2,
          "attributes": {
            "alias": [
              {
                "evaluate_target_health": true,
                "name": "wp-alb-62624740.us-east-1.elb.amazonaws.com",
                "zone_id": "Z35SXDOTRQ7X7K"
              }
            ],
            "allow_overwrite": null,
            "cidr_routing_policy": [],
            "failover_routing_policy": [],
            "fqdn": "www.onlysuccess.link",
            "geolocation_routing_policy": [],
            "health_check_id": "",
            "id": "Z03201463N56CHXYYWE0_www_A",
            "latency_routing_policy": [],
            "multivalue_answer_routing_policy": false,
            "name": "www",
            "records": null,
            "set_identifier": "",
            "ttl": 0,
            "type": "A",
            "weighted_routing_policy": [],
            "zone_id": "Z03201463N56CHXYYWE0"
          },
          "sensitive_attributes": [],
          "private": "eyJzY2hlbWFfdmVyc2lvbiI6IjIifQ==",
          "dependencies": [
            "module.dns.aws_route53_zone.WP_DNS_Public_Hosted_Zone",
            "module.firewall.aws_security_group.WP_ALB_SG",
            "module.loadbalancer.aws_lb.WP_ALB",
            "module.network.aws_subnet.WP_Subnets",
            "module.network.aws_vpc.WP_VPC"
          ]
        }
      ]
    },
    {
      "module": "module.dns",
      "mode": "managed",
      "type": "aws_route53_zone",
      "name": "WP_DNS_Public_Hosted_Zone",
      "provider": "provider[\"registry.terraform.io/hashicorp/aws\"]",
      "instances": [
        {
          "schema_version": 0,
          "attributes": {
            "arn": "arn:aws:route53:::hostedzone/Z03201463N56CHXYYWE0",
            "comment": "Managed by Terraform",
            "delegation_set_id": "",
            "force_destroy": false,
            "id": "Z03201463N56CHXYYWE0",
            "name": "onlysuccess.link",
            "name_servers": [
              "ns-1437.awsdns-51.org",
              "ns-1666.awsdns-16.co.uk",
              "ns-188.awsdns-23.com",
              "ns-596.awsdns-10.net"
            ],
            "primary_name_server": "ns-596.awsdns-10.net",
            "tags": null,
            "tags_all": {},
            "vpc": [],
            "zone_id": "Z03201463N56CHXYYWE0"
          },
          "sensitive_attributes": [],
          "private": "bnVsbA=="
        }
      ]
    },
    {
      "module": "module.ec2",
      "mode": "managed",
      "type": "aws_ami_from_instance",
      "name": "WP_AMI_Instances",
      "provider": "provider[\"registry.terraform.io/hashicorp/aws\"]",
      "instances": [
        {
          "schema_version": 0,
          "attributes": {
            "architecture": "x86_64",
            "arn": "arn:aws:ec2:us-east-1::image/ami-04fb760becac2c9c0",
            "boot_mode": "",
            "deprecation_time": "",
            "description": "",
            "ebs_block_device": [
              {
                "delete_on_termination": true,
                "device_name": "/dev/sda1",
                "encrypted": false,
                "iops": 0,
                "outpost_arn": "",
                "snapshot_id": "snap-0bd303af034998da0",
                "throughput": 0,
                "volume_size": 20,
                "volume_type": "gp2"
              }
            ],
            "ena_support": true,
            "ephemeral_block_device": [
              {
                "device_name": "/dev/sdb",
                "virtual_name": "ephemeral0"
              },
              {
                "device_name": "/dev/sdc",
                "virtual_name": "ephemeral1"
              }
            ],
            "hypervisor": "xen",
            "id": "ami-04fb760becac2c9c0",
            "image_location": "517015374353/wpinstancesami",
            "image_owner_alias": "",
            "image_type": "machine",
            "imds_support": "",
            "kernel_id": "",
            "manage_ebs_snapshots": true,
            "name": "wpinstancesami",
            "owner_id": "517015374353",
            "platform": "",
            "platform_details": "Linux/UNIX",
            "public": false,
            "ramdisk_id": "",
            "root_device_name": "/dev/sda1",
            "root_snapshot_id": "snap-0bd303af034998da0",
            "snapshot_without_reboot": true,
            "source_instance_id": "i-072e90dcbdae78c4a",
            "sriov_net_support": "simple",
            "tags": {
              "Name": "WP-AMI-Instances"
            },
            "tags_all": {
              "Name": "WP-AMI-Instances"
            },
            "timeouts": null,
            "tpm_support": "",
            "usage_operation": "RunInstances",
            "virtualization_type": "hvm"
          },
          "sensitive_attributes": [],
          "private": "eyJlMmJmYjczMC1lY2FhLTExZTYtOGY4OC0zNDM2M2JjN2M0YzAiOnsiY3JlYXRlIjoyNDAwMDAwMDAwMDAwLCJkZWxldGUiOjU0MDAwMDAwMDAwMDAsInVwZGF0ZSI6MjQwMDAwMDAwMDAwMH19",
          "dependencies": [
            "module.database.aws_db_instance.WP_RDS_MySQL",
            "module.database.aws_db_subnet_group.WP_RDS_SubnetGroup",
            "module.database.aws_efs_file_system.WP_EFS",
            "module.database.random_password.WP_RDS_password",
            "module.ec2.aws_instance.WP_EC2_APP_AZ1",
            "module.ec2.time_sleep.wait_5_minutes",
            "module.firewall.aws_security_group.Bastion_Host_SG",
            "module.firewall.aws_security_group.WP_ALB_SG",
            "module.firewall.aws_security_group.WP_APP_SG",
            "module.firewall.aws_security_group.WP_RDS_SG",
            "module.network.aws_subnet.WP_Subnets",
            "module.network.aws_vpc.WP_VPC"
          ]
        }
      ]
    },
    {
      "module": "module.ec2",
      "mode": "managed",
      "type": "aws_instance",
      "name": "WP_EC2_APP_AZ1",
      "provider": "provider[\"registry.terraform.io/hashicorp/aws\"]",
      "instances": [
        {
          "schema_version": 1,
          "attributes": {
            "ami": "ami-0fc5d935ebf8bc3bc",
            "arn": "arn:aws:ec2:us-east-1:517015374353:instance/i-072e90dcbdae78c4a",
            "associate_public_ip_address": false,
            "availability_zone": "us-east-1a",
            "capacity_reservation_specification": [
              {
                "capacity_reservation_preference": "open",
                "capacity_reservation_target": []
              }
            ],
            "cpu_core_count": 1,
            "cpu_options": [
              {
                "amd_sev_snp": "",
                "core_count": 1,
                "threads_per_core": 1
              }
            ],
            "cpu_threads_per_core": 1,
            "credit_specification": [
              {
                "cpu_credits": "standard"
              }
            ],
            "disable_api_stop": false,
            "disable_api_termination": false,
            "ebs_block_device": [],
            "ebs_optimized": false,
            "enclave_options": [
              {
                "enabled": false
              }
            ],
            "ephemeral_block_device": [],
            "get_password_data": false,
            "hibernation": false,
            "host_id": "",
            "host_resource_group_arn": null,
            "iam_instance_profile": "",
            "id": "i-072e90dcbdae78c4a",
            "instance_initiated_shutdown_behavior": "stop",
            "instance_lifecycle": "",
            "instance_market_options": [],
            "instance_state": "running",
            "instance_type": "t2.micro",
            "ipv6_address_count": 0,
            "ipv6_addresses": [],
            "key_name": "keypair-az1",
            "launch_template": [],
            "maintenance_options": [
              {
                "auto_recovery": "default"
              }
            ],
            "metadata_options": [
              {
                "http_endpoint": "enabled",
                "http_protocol_ipv6": "disabled",
                "http_put_response_hop_limit": 1,
                "http_tokens": "optional",
                "instance_metadata_tags": "disabled"
              }
            ],
            "monitoring": false,
            "network_interface": [],
            "outpost_arn": "",
            "password_data": "",
            "placement_group": "",
            "placement_partition_number": 0,
            "primary_network_interface_id": "eni-0696b1de6c3d00bb3",
            "private_dns": "ip-172-16-0-104.ec2.internal",
            "private_dns_name_options": [
              {
                "enable_resource_name_dns_a_record": false,
                "enable_resource_name_dns_aaaa_record": false,
                "hostname_type": "ip-name"
              }
            ],
            "private_ip": "172.16.0.104",
            "public_dns": "",
            "public_ip": "",
            "root_block_device": [
              {
                "delete_on_termination": true,
                "device_name": "/dev/sda1",
                "encrypted": false,
                "iops": 100,
                "kms_key_id": "",
                "tags": null,
                "throughput": 0,
                "volume_id": "vol-0f72b8dd5b07fce09",
                "volume_size": 20,
                "volume_type": "gp2"
              }
            ],
            "secondary_private_ips": [],
            "security_groups": [],
            "source_dest_check": true,
            "spot_instance_request_id": "",
            "subnet_id": "subnet-0397a1e9aba8e3f0a",
            "tags": {
              "Name": "WP-EC2-APP-AZ1"
            },
            "tags_all": {
              "Name": "WP-EC2-APP-AZ1"
            },
            "tenancy": "default",
            "timeouts": null,
            "user_data": "94f284c6c54e1f171b3517ac5058c0e13ed93ac6",
            "user_data_base64": null,
            "user_data_replace_on_change": false,
            "volume_tags": null,
            "vpc_security_group_ids": [
              "sg-05b92ad4fdd2e4853"
            ]
          },
          "sensitive_attributes": [
            [
              {
                "type": "get_attr",
                "value": "user_data"
              }
            ]
          ],
          "private": "eyJlMmJmYjczMC1lY2FhLTExZTYtOGY4OC0zNDM2M2JjN2M0YzAiOnsiY3JlYXRlIjo2MDAwMDAwMDAwMDAsImRlbGV0ZSI6MTIwMDAwMDAwMDAwMCwidXBkYXRlIjo2MDAwMDAwMDAwMDB9LCJzY2hlbWFfdmVyc2lvbiI6IjEifQ==",
          "dependencies": [
            "module.database.aws_db_instance.WP_RDS_MySQL",
            "module.database.aws_db_subnet_group.WP_RDS_SubnetGroup",
            "module.database.aws_efs_file_system.WP_EFS",
            "module.database.random_password.WP_RDS_password",
            "module.firewall.aws_security_group.Bastion_Host_SG",
            "module.firewall.aws_security_group.WP_ALB_SG",
            "module.firewall.aws_security_group.WP_APP_SG",
            "module.firewall.aws_security_group.WP_RDS_SG",
            "module.network.aws_subnet.WP_Subnets",
            "module.network.aws_vpc.WP_VPC"
          ]
        }
      ]
    },
    {
      "module": "module.ec2",
      "mode": "managed",
      "type": "aws_instance",
      "name": "WP_EC2_APP_AZ2",
      "provider": "provider[\"registry.terraform.io/hashicorp/aws\"]",
      "instances": [
        {
          "schema_version": 1,
          "attributes": {
            "ami": "ami-04fb760becac2c9c0",
            "arn": "arn:aws:ec2:us-east-1:517015374353:instance/i-070a94be27e0715b9",
            "associate_public_ip_address": false,
            "availability_zone": "us-east-1b",
            "capacity_reservation_specification": [
              {
                "capacity_reservation_preference": "open",
                "capacity_reservation_target": []
              }
            ],
            "cpu_core_count": 1,
            "cpu_options": [
              {
                "amd_sev_snp": "",
                "core_count": 1,
                "threads_per_core": 1
              }
            ],
            "cpu_threads_per_core": 1,
            "credit_specification": [
              {
                "cpu_credits": "standard"
              }
            ],
            "disable_api_stop": false,
            "disable_api_termination": false,
            "ebs_block_device": [],
            "ebs_optimized": false,
            "enclave_options": [
              {
                "enabled": false
              }
            ],
            "ephemeral_block_device": [],
            "get_password_data": false,
            "hibernation": false,
            "host_id": "",
            "host_resource_group_arn": null,
            "iam_instance_profile": "",
            "id": "i-070a94be27e0715b9",
            "instance_initiated_shutdown_behavior": "stop",
            "instance_lifecycle": "",
            "instance_market_options": [],
            "instance_state": "running",
            "instance_type": "t2.micro",
            "ipv6_address_count": 0,
            "ipv6_addresses": [],
            "key_name": "keypairaz221",
            "launch_template": [],
            "maintenance_options": [
              {
                "auto_recovery": "default"
              }
            ],
            "metadata_options": [
              {
                "http_endpoint": "enabled",
                "http_protocol_ipv6": "disabled",
                "http_put_response_hop_limit": 1,
                "http_tokens": "optional",
                "instance_metadata_tags": "disabled"
              }
            ],
            "monitoring": false,
            "network_interface": [],
            "outpost_arn": "",
            "password_data": "",
            "placement_group": "",
            "placement_partition_number": 0,
            "primary_network_interface_id": "eni-084790f83c4902585",
            "private_dns": "ip-172-16-0-134.ec2.internal",
            "private_dns_name_options": [
              {
                "enable_resource_name_dns_a_record": false,
                "enable_resource_name_dns_aaaa_record": false,
                "hostname_type": "ip-name"
              }
            ],
            "private_ip": "172.16.0.134",
            "public_dns": "",
            "public_ip": "",
            "root_block_device": [
              {
                "delete_on_termination": true,
                "device_name": "/dev/sda1",
                "encrypted": false,
                "iops": 100,
                "kms_key_id": "",
                "tags": null,
                "throughput": 0,
                "volume_id": "vol-0601cf25761412502",
                "volume_size": 20,
                "volume_type": "gp2"
              }
            ],
            "secondary_private_ips": [],
            "security_groups": [],
            "source_dest_check": true,
            "spot_instance_request_id": "",
            "subnet_id": "subnet-0ac89b67dc6240f1a",
            "tags": {
              "Name": "WP-EC2-APP-AZ2"
            },
            "tags_all": {
              "Name": "WP-EC2-APP-AZ2"
            },
            "tenancy": "default",
            "timeouts": null,
            "user_data": "7400973e0503450bd17b5ff85a108487c0dfd430",
            "user_data_base64": null,
            "user_data_replace_on_change": false,
            "volume_tags": null,
            "vpc_security_group_ids": [
              "sg-05b92ad4fdd2e4853"
            ]
          },
          "sensitive_attributes": [],
          "private": "eyJlMmJmYjczMC1lY2FhLTExZTYtOGY4OC0zNDM2M2JjN2M0YzAiOnsiY3JlYXRlIjo2MDAwMDAwMDAwMDAsImRlbGV0ZSI6MTIwMDAwMDAwMDAwMCwidXBkYXRlIjo2MDAwMDAwMDAwMDB9LCJzY2hlbWFfdmVyc2lvbiI6IjEifQ==",
          "dependencies": [
            "module.database.aws_db_instance.WP_RDS_MySQL",
            "module.database.aws_db_subnet_group.WP_RDS_SubnetGroup",
            "module.database.aws_efs_file_system.WP_EFS",
            "module.database.random_password.WP_RDS_password",
            "module.ec2.aws_ami_from_instance.WP_AMI_Instances",
            "module.ec2.aws_instance.WP_EC2_APP_AZ1",
            "module.ec2.time_sleep.wait_5_minutes",
            "module.firewall.aws_security_group.Bastion_Host_SG",
            "module.firewall.aws_security_group.WP_ALB_SG",
            "module.firewall.aws_security_group.WP_APP_SG",
            "module.firewall.aws_security_group.WP_RDS_SG",
            "module.network.aws_subnet.WP_Subnets",
            "module.network.aws_vpc.WP_VPC"
          ]
        }
      ]
    },
    {
      "module": "module.ec2",
      "mode": "managed",
      "type": "aws_instance",
      "name": "WP_EC2_bastion_host",
      "provider": "provider[\"registry.terraform.io/hashicorp/aws\"]",
      "instances": [
        {
          "schema_version": 1,
          "attributes": {
            "ami": "ami-0fc5d935ebf8bc3bc",
            "arn": "arn:aws:ec2:us-east-1:517015374353:instance/i-0f539da020a27efc7",
            "associate_public_ip_address": true,
            "availability_zone": "us-east-1a",
            "capacity_reservation_specification": [
              {
                "capacity_reservation_preference": "open",
                "capacity_reservation_target": []
              }
            ],
            "cpu_core_count": 1,
            "cpu_options": [
              {
                "amd_sev_snp": "",
                "core_count": 1,
                "threads_per_core": 1
              }
            ],
            "cpu_threads_per_core": 1,
            "credit_specification": [
              {
                "cpu_credits": "standard"
              }
            ],
            "disable_api_stop": false,
            "disable_api_termination": false,
            "ebs_block_device": [],
            "ebs_optimized": false,
            "enclave_options": [
              {
                "enabled": false
              }
            ],
            "ephemeral_block_device": [],
            "get_password_data": false,
            "hibernation": false,
            "host_id": "",
            "host_resource_group_arn": null,
            "iam_instance_profile": "",
            "id": "i-0f539da020a27efc7",
            "instance_initiated_shutdown_behavior": "stop",
            "instance_lifecycle": "",
            "instance_market_options": [],
            "instance_state": "running",
            "instance_type": "t2.micro",
            "ipv6_address_count": 0,
            "ipv6_addresses": [],
            "key_name": "WP-KeyPair",
            "launch_template": [],
            "maintenance_options": [
              {
                "auto_recovery": "default"
              }
            ],
            "metadata_options": [
              {
                "http_endpoint": "enabled",
                "http_protocol_ipv6": "disabled",
                "http_put_response_hop_limit": 1,
                "http_tokens": "optional",
                "instance_metadata_tags": "disabled"
              }
            ],
            "monitoring": false,
            "network_interface": [],
            "outpost_arn": "",
            "password_data": "",
            "placement_group": "",
            "placement_partition_number": 0,
            "primary_network_interface_id": "eni-07ee9718911af3617",
            "private_dns": "ip-172-16-0-91.ec2.internal",
            "private_dns_name_options": [
              {
                "enable_resource_name_dns_a_record": false,
                "enable_resource_name_dns_aaaa_record": false,
                "hostname_type": "ip-name"
              }
            ],
            "private_ip": "172.16.0.91",
            "public_dns": "ec2-54-167-42-232.compute-1.amazonaws.com",
            "public_ip": "54.167.42.232",
            "root_block_device": [
              {
                "delete_on_termination": true,
                "device_name": "/dev/sda1",
                "encrypted": false,
                "iops": 100,
                "kms_key_id": "",
                "tags": null,
                "throughput": 0,
                "volume_id": "vol-0e9c3ef0fe095ed66",
                "volume_size": 20,
                "volume_type": "gp2"
              }
            ],
            "secondary_private_ips": [],
            "security_groups": [],
            "source_dest_check": true,
            "spot_instance_request_id": "",
            "subnet_id": "subnet-0cb46a67fcc3e0c4d",
            "tags": {
              "Name": "WP-EC2-bastion-host"
            },
            "tags_all": {
              "Name": "WP-EC2-bastion-host"
            },
            "tenancy": "default",
            "timeouts": null,
            "user_data": null,
            "user_data_base64": null,
            "user_data_replace_on_change": false,
            "volume_tags": null,
            "vpc_security_group_ids": [
              "sg-0b863e61bd4e66245"
            ]
          },
          "sensitive_attributes": [],
          "private": "eyJlMmJmYjczMC1lY2FhLTExZTYtOGY4OC0zNDM2M2JjN2M0YzAiOnsiY3JlYXRlIjo2MDAwMDAwMDAwMDAsImRlbGV0ZSI6MTIwMDAwMDAwMDAwMCwidXBkYXRlIjo2MDAwMDAwMDAwMDB9LCJzY2hlbWFfdmVyc2lvbiI6IjEifQ==",
          "dependencies": [
            "module.firewall.aws_security_group.Bastion_Host_SG",
            "module.network.aws_subnet.WP_Subnets",
            "module.network.aws_vpc.WP_VPC"
          ]
        }
      ]
    },
    {
      "module": "module.ec2",
      "mode": "managed",
      "type": "time_sleep",
      "name": "wait_5_minutes",
      "provider": "provider[\"registry.terraform.io/hashicorp/time\"]",
      "instances": [
        {
          "schema_version": 0,
          "attributes": {
            "create_duration": "5m",
            "destroy_duration": null,
            "id": "2023-11-11T17:39:15Z",
            "triggers": null
          },
          "sensitive_attributes": [],
          "dependencies": [
            "module.database.aws_db_instance.WP_RDS_MySQL",
            "module.database.aws_db_subnet_group.WP_RDS_SubnetGroup",
            "module.database.aws_efs_file_system.WP_EFS",
            "module.database.random_password.WP_RDS_password",
            "module.ec2.aws_instance.WP_EC2_APP_AZ1",
            "module.firewall.aws_security_group.Bastion_Host_SG",
            "module.firewall.aws_security_group.WP_ALB_SG",
            "module.firewall.aws_security_group.WP_APP_SG",
            "module.firewall.aws_security_group.WP_RDS_SG",
            "module.network.aws_subnet.WP_Subnets",
            "module.network.aws_vpc.WP_VPC"
          ]
        }
      ]
    },
    {
      "module": "module.firewall",
      "mode": "managed",
      "type": "aws_security_group",
      "name": "Bastion_Host_SG",
      "provider": "provider[\"registry.terraform.io/hashicorp/aws\"]",
      "instances": [
        {
          "schema_version": 1,
          "attributes": {
            "arn": "arn:aws:ec2:us-east-1:517015374353:security-group/sg-0b863e61bd4e66245",
            "description": "Managed by Terraform",
            "egress": [
              {
                "cidr_blocks": [
                  "0.0.0.0/0"
                ],
                "description": "",
                "from_port": 0,
                "ipv6_cidr_blocks": [],
                "prefix_list_ids": [],
                "protocol": "-1",
                "security_groups": [],
                "self": false,
                "to_port": 0
              }
            ],
            "id": "sg-0b863e61bd4e66245",
            "ingress": [
              {
                "cidr_blocks": [
                  "85.250.79.86/32"
                ],
                "description": "",
                "from_port": 22,
                "ipv6_cidr_blocks": [],
                "prefix_list_ids": [],
                "protocol": "tcp",
                "security_groups": [],
                "self": false,
                "to_port": 22
              }
            ],
            "name": "Bastion-Host-SG",
            "name_prefix": "",
            "owner_id": "517015374353",
            "revoke_rules_on_delete": false,
            "tags": {
              "Name": "Bastion-Host-SG"
            },
            "tags_all": {
              "Name": "Bastion-Host-SG"
            },
            "timeouts": null,
            "vpc_id": "vpc-0e3a360cc26cc0442"
          },
          "sensitive_attributes": [],
          "private": "eyJlMmJmYjczMC1lY2FhLTExZTYtOGY4OC0zNDM2M2JjN2M0YzAiOnsiY3JlYXRlIjo2MDAwMDAwMDAwMDAsImRlbGV0ZSI6OTAwMDAwMDAwMDAwfSwic2NoZW1hX3ZlcnNpb24iOiIxIn0=",
          "dependencies": [
            "module.network.aws_vpc.WP_VPC"
          ]
        }
      ]
    },
    {
      "module": "module.firewall",
      "mode": "managed",
      "type": "aws_security_group",
      "name": "WP_ALB_SG",
      "provider": "provider[\"registry.terraform.io/hashicorp/aws\"]",
      "instances": [
        {
          "schema_version": 1,
          "attributes": {
            "arn": "arn:aws:ec2:us-east-1:517015374353:security-group/sg-0dabb496e47141974",
            "description": "Managed by Terraform",
            "egress": [
              {
                "cidr_blocks": [
                  "0.0.0.0/0"
                ],
                "description": "",
                "from_port": 0,
                "ipv6_cidr_blocks": [],
                "prefix_list_ids": [],
                "protocol": "-1",
                "security_groups": [],
                "self": false,
                "to_port": 0
              }
            ],
            "id": "sg-0dabb496e47141974",
            "ingress": [
              {
                "cidr_blocks": [
                  "0.0.0.0/0"
                ],
                "description": "",
                "from_port": 443,
                "ipv6_cidr_blocks": [],
                "prefix_list_ids": [],
                "protocol": "tcp",
                "security_groups": [],
                "self": false,
                "to_port": 443
              },
              {
                "cidr_blocks": [
                  "0.0.0.0/0"
                ],
                "description": "",
                "from_port": 80,
                "ipv6_cidr_blocks": [],
                "prefix_list_ids": [],
                "protocol": "tcp",
                "security_groups": [],
                "self": false,
                "to_port": 80
              }
            ],
            "name": "WP-ALB-SG",
            "name_prefix": "",
            "owner_id": "517015374353",
            "revoke_rules_on_delete": false,
            "tags": {
              "Name": "WP-ALB-SG"
            },
            "tags_all": {
              "Name": "WP-ALB-SG"
            },
            "timeouts": null,
            "vpc_id": "vpc-0e3a360cc26cc0442"
          },
          "sensitive_attributes": [],
          "private": "eyJlMmJmYjczMC1lY2FhLTExZTYtOGY4OC0zNDM2M2JjN2M0YzAiOnsiY3JlYXRlIjo2MDAwMDAwMDAwMDAsImRlbGV0ZSI6OTAwMDAwMDAwMDAwfSwic2NoZW1hX3ZlcnNpb24iOiIxIn0=",
          "dependencies": [
            "module.network.aws_vpc.WP_VPC"
          ]
        }
      ]
    },
    {
      "module": "module.firewall",
      "mode": "managed",
      "type": "aws_security_group",
      "name": "WP_APP_SG",
      "provider": "provider[\"registry.terraform.io/hashicorp/aws\"]",
      "instances": [
        {
          "schema_version": 1,
          "attributes": {
            "arn": "arn:aws:ec2:us-east-1:517015374353:security-group/sg-05b92ad4fdd2e4853",
            "description": "Managed by Terraform",
            "egress": [
              {
                "cidr_blocks": [
                  "0.0.0.0/0"
                ],
                "description": "",
                "from_port": 0,
                "ipv6_cidr_blocks": [],
                "prefix_list_ids": [],
                "protocol": "-1",
                "security_groups": [],
                "self": false,
                "to_port": 0
              }
            ],
            "id": "sg-05b92ad4fdd2e4853",
            "ingress": [
              {
                "cidr_blocks": [],
                "description": "",
                "from_port": 22,
                "ipv6_cidr_blocks": [],
                "prefix_list_ids": [],
                "protocol": "tcp",
                "security_groups": [
                  "sg-0b863e61bd4e66245"
                ],
                "self": false,
                "to_port": 22
              },
              {
                "cidr_blocks": [],
                "description": "",
                "from_port": 443,
                "ipv6_cidr_blocks": [],
                "prefix_list_ids": [],
                "protocol": "tcp",
                "security_groups": [
                  "sg-0dabb496e47141974"
                ],
                "self": false,
                "to_port": 443
              },
              {
                "cidr_blocks": [],
                "description": "",
                "from_port": 80,
                "ipv6_cidr_blocks": [],
                "prefix_list_ids": [],
                "protocol": "tcp",
                "security_groups": [
                  "sg-0dabb496e47141974"
                ],
                "self": false,
                "to_port": 80
              }
            ],
            "name": "WP-APP-SG",
            "name_prefix": "",
            "owner_id": "517015374353",
            "revoke_rules_on_delete": false,
            "tags": {
              "Name": "WP-APP-SG"
            },
            "tags_all": {
              "Name": "WP-APP-SG"
            },
            "timeouts": null,
            "vpc_id": "vpc-0e3a360cc26cc0442"
          },
          "sensitive_attributes": [],
          "private": "eyJlMmJmYjczMC1lY2FhLTExZTYtOGY4OC0zNDM2M2JjN2M0YzAiOnsiY3JlYXRlIjo2MDAwMDAwMDAwMDAsImRlbGV0ZSI6OTAwMDAwMDAwMDAwfSwic2NoZW1hX3ZlcnNpb24iOiIxIn0=",
          "dependencies": [
            "module.firewall.aws_security_group.Bastion_Host_SG",
            "module.firewall.aws_security_group.WP_ALB_SG",
            "module.network.aws_vpc.WP_VPC"
          ]
        }
      ]
    },
    {
      "module": "module.firewall",
      "mode": "managed",
      "type": "aws_security_group",
      "name": "WP_EFS_SG",
      "provider": "provider[\"registry.terraform.io/hashicorp/aws\"]",
      "instances": [
        {
          "schema_version": 1,
          "attributes": {
            "arn": "arn:aws:ec2:us-east-1:517015374353:security-group/sg-0e1185341c742bb2b",
            "description": "Managed by Terraform",
            "egress": [
              {
                "cidr_blocks": [
                  "0.0.0.0/0"
                ],
                "description": "",
                "from_port": 0,
                "ipv6_cidr_blocks": [],
                "prefix_list_ids": [],
                "protocol": "-1",
                "security_groups": [],
                "self": false,
                "to_port": 0
              }
            ],
            "id": "sg-0e1185341c742bb2b",
            "ingress": [
              {
                "cidr_blocks": [
                  "172.16.0.96/28",
                  "172.16.0.128/28"
                ],
                "description": "",
                "from_port": 2049,
                "ipv6_cidr_blocks": [],
                "prefix_list_ids": [],
                "protocol": "tcp",
                "security_groups": [],
                "self": false,
                "to_port": 2049
              }
            ],
            "name": "WP-EFS-SG",
            "name_prefix": "",
            "owner_id": "517015374353",
            "revoke_rules_on_delete": false,
            "tags": {
              "Name": "WP-EFS-SG"
            },
            "tags_all": {
              "Name": "WP-EFS-SG"
            },
            "timeouts": null,
            "vpc_id": "vpc-0e3a360cc26cc0442"
          },
          "sensitive_attributes": [],
          "private": "eyJlMmJmYjczMC1lY2FhLTExZTYtOGY4OC0zNDM2M2JjN2M0YzAiOnsiY3JlYXRlIjo2MDAwMDAwMDAwMDAsImRlbGV0ZSI6OTAwMDAwMDAwMDAwfSwic2NoZW1hX3ZlcnNpb24iOiIxIn0=",
          "dependencies": [
            "module.network.aws_vpc.WP_VPC"
          ]
        }
      ]
    },
    {
      "module": "module.firewall",
      "mode": "managed",
      "type": "aws_security_group",
      "name": "WP_RDS_SG",
      "provider": "provider[\"registry.terraform.io/hashicorp/aws\"]",
      "instances": [
        {
          "schema_version": 1,
          "attributes": {
            "arn": "arn:aws:ec2:us-east-1:517015374353:security-group/sg-07c23d5a8ce8f7a91",
            "description": "Managed by Terraform",
            "egress": [
              {
                "cidr_blocks": [
                  "0.0.0.0/0"
                ],
                "description": "",
                "from_port": 0,
                "ipv6_cidr_blocks": [],
                "prefix_list_ids": [],
                "protocol": "-1",
                "security_groups": [],
                "self": false,
                "to_port": 0
              }
            ],
            "id": "sg-07c23d5a8ce8f7a91",
            "ingress": [
              {
                "cidr_blocks": [
                  "172.16.0.96/28",
                  "172.16.0.128/28"
                ],
                "description": "",
                "from_port": 3306,
                "ipv6_cidr_blocks": [],
                "prefix_list_ids": [],
                "protocol": "tcp",
                "security_groups": [],
                "self": false,
                "to_port": 3306
              }
            ],
            "name": "WP-RDS-SG",
            "name_prefix": "",
            "owner_id": "517015374353",
            "revoke_rules_on_delete": false,
            "tags": {
              "Name": "WP-RDS-SG"
            },
            "tags_all": {
              "Name": "WP-RDS-SG"
            },
            "timeouts": null,
            "vpc_id": "vpc-0e3a360cc26cc0442"
          },
          "sensitive_attributes": [],
          "private": "eyJlMmJmYjczMC1lY2FhLTExZTYtOGY4OC0zNDM2M2JjN2M0YzAiOnsiY3JlYXRlIjo2MDAwMDAwMDAwMDAsImRlbGV0ZSI6OTAwMDAwMDAwMDAwfSwic2NoZW1hX3ZlcnNpb24iOiIxIn0=",
          "dependencies": [
            "module.network.aws_vpc.WP_VPC"
          ]
        }
      ]
    },
    {
      "module": "module.loadbalancer",
      "mode": "managed",
      "type": "aws_lb",
      "name": "WP_ALB",
      "provider": "provider[\"registry.terraform.io/hashicorp/aws\"]",
      "instances": [
        {
          "schema_version": 0,
          "attributes": {
            "access_logs": [
              {
                "bucket": "",
                "enabled": false,
                "prefix": ""
              }
            ],
            "arn": "arn:aws:elasticloadbalancing:us-east-1:517015374353:loadbalancer/app/WP-ALB/7e50ae16cc6e11bf",
            "arn_suffix": "app/WP-ALB/7e50ae16cc6e11bf",
            "customer_owned_ipv4_pool": "",
            "desync_mitigation_mode": "defensive",
            "dns_name": "WP-ALB-62624740.us-east-1.elb.amazonaws.com",
            "dns_record_client_routing_policy": null,
            "drop_invalid_header_fields": false,
            "enable_cross_zone_load_balancing": true,
            "enable_deletion_protection": false,
            "enable_http2": true,
            "enable_tls_version_and_cipher_suite_headers": false,
            "enable_waf_fail_open": false,
            "enable_xff_client_port": false,
            "id": "arn:aws:elasticloadbalancing:us-east-1:517015374353:loadbalancer/app/WP-ALB/7e50ae16cc6e11bf",
            "idle_timeout": 60,
            "internal": false,
            "ip_address_type": "ipv4",
            "load_balancer_type": "application",
            "name": "WP-ALB",
            "name_prefix": "",
            "preserve_host_header": false,
            "security_groups": [
              "sg-0dabb496e47141974"
            ],
            "subnet_mapping": [
              {
                "allocation_id": "",
                "ipv6_address": "",
                "outpost_id": "",
                "private_ipv4_address": "",
                "subnet_id": "subnet-04e4a4f7f87176e73"
              },
              {
                "allocation_id": "",
                "ipv6_address": "",
                "outpost_id": "",
                "private_ipv4_address": "",
                "subnet_id": "subnet-0cb46a67fcc3e0c4d"
              }
            ],
            "subnets": [
              "subnet-04e4a4f7f87176e73",
              "subnet-0cb46a67fcc3e0c4d"
            ],
            "tags": {
              "Name": "WP-ALB"
            },
            "tags_all": {
              "Name": "WP-ALB"
            },
            "timeouts": null,
            "vpc_id": "vpc-0e3a360cc26cc0442",
            "xff_header_processing_mode": "append",
            "zone_id": "Z35SXDOTRQ7X7K"
          },
          "sensitive_attributes": [],
          "private": "eyJlMmJmYjczMC1lY2FhLTExZTYtOGY4OC0zNDM2M2JjN2M0YzAiOnsiY3JlYXRlIjo2MDAwMDAwMDAwMDAsImRlbGV0ZSI6NjAwMDAwMDAwMDAwLCJ1cGRhdGUiOjYwMDAwMDAwMDAwMH19",
          "dependencies": [
            "module.firewall.aws_security_group.WP_ALB_SG",
            "module.network.aws_subnet.WP_Subnets",
            "module.network.aws_vpc.WP_VPC"
          ]
        }
      ]
    },
    {
      "module": "module.loadbalancer",
      "mode": "managed",
      "type": "aws_lb_listener",
      "name": "WP_ALB_Listener",
      "provider": "provider[\"registry.terraform.io/hashicorp/aws\"]",
      "instances": [
        {
          "schema_version": 0,
          "attributes": {
            "alpn_policy": null,
            "arn": "arn:aws:elasticloadbalancing:us-east-1:517015374353:listener/app/WP-ALB/7e50ae16cc6e11bf/3cfa8b7dfc791f99",
            "certificate_arn": null,
            "default_action": [
              {
                "authenticate_cognito": [],
                "authenticate_oidc": [],
                "fixed_response": [],
                "forward": [],
                "order": 1,
                "redirect": [],
                "target_group_arn": "arn:aws:elasticloadbalancing:us-east-1:517015374353:targetgroup/WP-ALB/4cfc5a4a0d145292",
                "type": "forward"
              }
            ],
            "id": "arn:aws:elasticloadbalancing:us-east-1:517015374353:listener/app/WP-ALB/7e50ae16cc6e11bf/3cfa8b7dfc791f99",
            "load_balancer_arn": "arn:aws:elasticloadbalancing:us-east-1:517015374353:loadbalancer/app/WP-ALB/7e50ae16cc6e11bf",
            "port": 80,
            "protocol": "HTTP",
            "ssl_policy": "",
            "tags": null,
            "tags_all": {},
            "timeouts": null
          },
          "sensitive_attributes": [],
          "private": "eyJlMmJmYjczMC1lY2FhLTExZTYtOGY4OC0zNDM2M2JjN2M0YzAiOnsicmVhZCI6NjAwMDAwMDAwMDAwfX0=",
          "dependencies": [
            "module.firewall.aws_security_group.WP_ALB_SG",
            "module.loadbalancer.aws_lb.WP_ALB",
            "module.loadbalancer.aws_lb_target_group.WP_ALB_Target_Group",
            "module.network.aws_subnet.WP_Subnets",
            "module.network.aws_vpc.WP_VPC"
          ]
        }
      ]
    },
    {
      "module": "module.loadbalancer",
      "mode": "managed",
      "type": "aws_lb_target_group",
      "name": "WP_ALB_Target_Group",
      "provider": "provider[\"registry.terraform.io/hashicorp/aws\"]",
      "instances": [
        {
          "schema_version": 0,
          "attributes": {
            "arn": "arn:aws:elasticloadbalancing:us-east-1:517015374353:targetgroup/WP-ALB/4cfc5a4a0d145292",
            "arn_suffix": "targetgroup/WP-ALB/4cfc5a4a0d145292",
            "connection_termination": null,
            "deregistration_delay": "300",
            "health_check": [
              {
                "enabled": true,
                "healthy_threshold": 3,
                "interval": 30,
                "matcher": "200",
                "path": "/",
                "port": "traffic-port",
                "protocol": "HTTP",
                "timeout": 5,
                "unhealthy_threshold": 3
              }
            ],
            "id": "arn:aws:elasticloadbalancing:us-east-1:517015374353:targetgroup/WP-ALB/4cfc5a4a0d145292",
            "ip_address_type": "ipv4",
            "lambda_multi_value_headers_enabled": false,
            "load_balancing_algorithm_type": "round_robin",
            "load_balancing_cross_zone_enabled": "use_load_balancer_configuration",
            "name": "WP-ALB",
            "name_prefix": "",
            "port": 80,
            "preserve_client_ip": null,
            "protocol": "HTTP",
            "protocol_version": "HTTP1",
            "proxy_protocol_v2": false,
            "slow_start": 0,
            "stickiness": [
              {
                "cookie_duration": 86400,
                "cookie_name": "",
                "enabled": false,
                "type": "lb_cookie"
              }
            ],
            "tags": null,
            "tags_all": {},
            "target_failover": [
              {
                "on_deregistration": null,
                "on_unhealthy": null
              }
            ],
            "target_health_state": [
              {
                "enable_unhealthy_connection_termination": null
              }
            ],
            "target_type": "instance",
            "vpc_id": "vpc-0e3a360cc26cc0442"
          },
          "sensitive_attributes": [],
          "private": "bnVsbA==",
          "dependencies": [
            "module.network.aws_vpc.WP_VPC"
          ]
        }
      ]
    },
    {
      "module": "module.loadbalancer",
      "mode": "managed",
      "type": "aws_lb_target_group_attachment",
      "name": "WP_Instance_AZ1_Attachment",
      "provider": "provider[\"registry.terraform.io/hashicorp/aws\"]",
      "instances": [
        {
          "schema_version": 0,
          "attributes": {
            "availability_zone": null,
            "id": "arn:aws:elasticloadbalancing:us-east-1:517015374353:targetgroup/WP-ALB/4cfc5a4a0d145292-20231111173416575200000007",
            "port": 80,
            "target_group_arn": "arn:aws:elasticloadbalancing:us-east-1:517015374353:targetgroup/WP-ALB/4cfc5a4a0d145292",
            "target_id": "i-072e90dcbdae78c4a"
          },
          "sensitive_attributes": [],
          "private": "bnVsbA==",
          "dependencies": [
            "module.database.aws_db_instance.WP_RDS_MySQL",
            "module.database.aws_db_subnet_group.WP_RDS_SubnetGroup",
            "module.database.aws_efs_file_system.WP_EFS",
            "module.database.random_password.WP_RDS_password",
            "module.ec2.aws_instance.WP_EC2_APP_AZ1",
            "module.firewall.aws_security_group.Bastion_Host_SG",
            "module.firewall.aws_security_group.WP_ALB_SG",
            "module.firewall.aws_security_group.WP_APP_SG",
            "module.firewall.aws_security_group.WP_RDS_SG",
            "module.loadbalancer.aws_lb_target_group.WP_ALB_Target_Group",
            "module.network.aws_subnet.WP_Subnets",
            "module.network.aws_vpc.WP_VPC"
          ]
        }
      ]
    },
    {
      "module": "module.loadbalancer",
      "mode": "managed",
      "type": "aws_lb_target_group_attachment",
      "name": "WP_Instance_AZ2_Attachment",
      "provider": "provider[\"registry.terraform.io/hashicorp/aws\"]",
      "instances": [
        {
          "schema_version": 0,
          "attributes": {
            "availability_zone": null,
            "id": "arn:aws:elasticloadbalancing:us-east-1:517015374353:targetgroup/WP-ALB/4cfc5a4a0d145292-2023111117430122710000000a",
            "port": 80,
            "target_group_arn": "arn:aws:elasticloadbalancing:us-east-1:517015374353:targetgroup/WP-ALB/4cfc5a4a0d145292",
            "target_id": "i-070a94be27e0715b9"
          },
          "sensitive_attributes": [],
          "private": "bnVsbA==",
          "dependencies": [
            "module.database.aws_db_instance.WP_RDS_MySQL",
            "module.database.aws_db_subnet_group.WP_RDS_SubnetGroup",
            "module.database.aws_efs_file_system.WP_EFS",
            "module.database.random_password.WP_RDS_password",
            "module.ec2.aws_ami_from_instance.WP_AMI_Instances",
            "module.ec2.aws_instance.WP_EC2_APP_AZ1",
            "module.ec2.aws_instance.WP_EC2_APP_AZ2",
            "module.ec2.time_sleep.wait_5_minutes",
            "module.firewall.aws_security_group.Bastion_Host_SG",
            "module.firewall.aws_security_group.WP_ALB_SG",
            "module.firewall.aws_security_group.WP_APP_SG",
            "module.firewall.aws_security_group.WP_RDS_SG",
            "module.loadbalancer.aws_lb_target_group.WP_ALB_Target_Group",
            "module.network.aws_subnet.WP_Subnets",
            "module.network.aws_vpc.WP_VPC"
          ]
        }
      ]
    },
    {
      "module": "module.network",
      "mode": "managed",
      "type": "aws_eip",
      "name": "ElasticIP_AZ1",
      "provider": "provider[\"registry.terraform.io/hashicorp/aws\"]",
      "instances": [
        {
          "schema_version": 0,
          "attributes": {
            "address": null,
            "allocation_id": "eipalloc-006325bcdd97644fc",
            "associate_with_private_ip": null,
            "association_id": "",
            "carrier_ip": "",
            "customer_owned_ip": "",
            "customer_owned_ipv4_pool": "",
            "domain": "vpc",
            "id": "eipalloc-006325bcdd97644fc",
            "instance": "",
            "network_border_group": "us-east-1",
            "network_interface": "",
            "private_dns": null,
            "private_ip": "",
            "public_dns": "ec2-3-225-117-131.compute-1.amazonaws.com",
            "public_ip": "3.225.117.131",
            "public_ipv4_pool": "amazon",
            "tags": null,
            "tags_all": {},
            "timeouts": null,
            "vpc": true
          },
          "sensitive_attributes": [],
          "private": "eyJlMmJmYjczMC1lY2FhLTExZTYtOGY4OC0zNDM2M2JjN2M0YzAiOnsiZGVsZXRlIjoxODAwMDAwMDAwMDAsInJlYWQiOjkwMDAwMDAwMDAwMCwidXBkYXRlIjozMDAwMDAwMDAwMDB9fQ=="
        }
      ]
    },
    {
      "module": "module.network",
      "mode": "managed",
      "type": "aws_eip",
      "name": "ElasticIP_AZ2",
      "provider": "provider[\"registry.terraform.io/hashicorp/aws\"]",
      "instances": [
        {
          "schema_version": 0,
          "attributes": {
            "address": null,
            "allocation_id": "eipalloc-0c74113caa747b664",
            "associate_with_private_ip": null,
            "association_id": "",
            "carrier_ip": "",
            "customer_owned_ip": "",
            "customer_owned_ipv4_pool": "",
            "domain": "vpc",
            "id": "eipalloc-0c74113caa747b664",
            "instance": "",
            "network_border_group": "us-east-1",
            "network_interface": "",
            "private_dns": null,
            "private_ip": "",
            "public_dns": "ec2-34-225-100-212.compute-1.amazonaws.com",
            "public_ip": "34.225.100.212",
            "public_ipv4_pool": "amazon",
            "tags": null,
            "tags_all": {},
            "timeouts": null,
            "vpc": true
          },
          "sensitive_attributes": [],
          "private": "eyJlMmJmYjczMC1lY2FhLTExZTYtOGY4OC0zNDM2M2JjN2M0YzAiOnsiZGVsZXRlIjoxODAwMDAwMDAwMDAsInJlYWQiOjkwMDAwMDAwMDAwMCwidXBkYXRlIjozMDAwMDAwMDAwMDB9fQ=="
        }
      ]
    },
    {
      "module": "module.network",
      "mode": "managed",
      "type": "aws_internet_gateway",
      "name": "WP_internetGateway",
      "provider": "provider[\"registry.terraform.io/hashicorp/aws\"]",
      "instances": [
        {
          "schema_version": 0,
          "attributes": {
            "arn": "arn:aws:ec2:us-east-1:517015374353:internet-gateway/igw-03c9dedb4f667a4a9",
            "id": "igw-03c9dedb4f667a4a9",
            "owner_id": "517015374353",
            "tags": {
              "Name": "WP-internetGateway"
            },
            "tags_all": {
              "Name": "WP-internetGateway"
            },
            "timeouts": null,
            "vpc_id": "vpc-0e3a360cc26cc0442"
          },
          "sensitive_attributes": [],
          "private": "eyJlMmJmYjczMC1lY2FhLTExZTYtOGY4OC0zNDM2M2JjN2M0YzAiOnsiY3JlYXRlIjoxMjAwMDAwMDAwMDAwLCJkZWxldGUiOjEyMDAwMDAwMDAwMDAsInVwZGF0ZSI6MTIwMDAwMDAwMDAwMH19",
          "dependencies": [
            "module.network.aws_vpc.WP_VPC"
          ]
        }
      ]
    },
    {
      "module": "module.network",
      "mode": "managed",
      "type": "aws_nat_gateway",
      "name": "WP_NatGateway_AZ1",
      "provider": "provider[\"registry.terraform.io/hashicorp/aws\"]",
      "instances": [
        {
          "schema_version": 0,
          "attributes": {
            "allocation_id": "eipalloc-006325bcdd97644fc",
            "association_id": "eipassoc-0d8a4b0aa09d71441",
            "connectivity_type": "public",
            "id": "nat-05913c352a53226ce",
            "network_interface_id": "eni-0c0f48b63cbafbba5",
            "private_ip": "172.16.0.87",
            "public_ip": "3.225.117.131",
            "secondary_allocation_ids": null,
            "secondary_private_ip_address_count": 0,
            "secondary_private_ip_addresses": [],
            "subnet_id": "subnet-0cb46a67fcc3e0c4d",
            "tags": {
              "Name": "NATGateway-AZ1"
            },
            "tags_all": {
              "Name": "NATGateway-AZ1"
            },
            "timeouts": null
          },
          "sensitive_attributes": [],
          "private": "eyJlMmJmYjczMC1lY2FhLTExZTYtOGY4OC0zNDM2M2JjN2M0YzAiOnsiY3JlYXRlIjo2MDAwMDAwMDAwMDAsImRlbGV0ZSI6MTgwMDAwMDAwMDAwMCwidXBkYXRlIjo2MDAwMDAwMDAwMDB9fQ==",
          "dependencies": [
            "module.network.aws_eip.ElasticIP_AZ1",
            "module.network.aws_subnet.WP_Subnets",
            "module.network.aws_vpc.WP_VPC"
          ]
        }
      ]
    },
    {
      "module": "module.network",
      "mode": "managed",
      "type": "aws_nat_gateway",
      "name": "WP_NatGateway_AZ2",
      "provider": "provider[\"registry.terraform.io/hashicorp/aws\"]",
      "instances": [
        {
          "schema_version": 0,
          "attributes": {
            "allocation_id": "eipalloc-0c74113caa747b664",
            "association_id": "eipassoc-027514d5a1c63feb9",
            "connectivity_type": "public",
            "id": "nat-0d123164185700412",
            "network_interface_id": "eni-0f298dc59d2b97aae",
            "private_ip": "172.16.0.14",
            "public_ip": "34.225.100.212",
            "secondary_allocation_ids": null,
            "secondary_private_ip_address_count": 0,
            "secondary_private_ip_addresses": [],
            "subnet_id": "subnet-04e4a4f7f87176e73",
            "tags": {
              "Name": "NATGateway-AZ2"
            },
            "tags_all": {
              "Name": "NATGateway-AZ2"
            },
            "timeouts": null
          },
          "sensitive_attributes": [],
          "private": "eyJlMmJmYjczMC1lY2FhLTExZTYtOGY4OC0zNDM2M2JjN2M0YzAiOnsiY3JlYXRlIjo2MDAwMDAwMDAwMDAsImRlbGV0ZSI6MTgwMDAwMDAwMDAwMCwidXBkYXRlIjo2MDAwMDAwMDAwMDB9fQ==",
          "dependencies": [
            "module.network.aws_eip.ElasticIP_AZ2",
            "module.network.aws_subnet.WP_Subnets",
            "module.network.aws_vpc.WP_VPC"
          ]
        }
      ]
    },
    {
      "module": "module.network",
      "mode": "managed",
      "type": "aws_route_table",
      "name": "WP_Private_Route_Table_AZ1",
      "provider": "provider[\"registry.terraform.io/hashicorp/aws\"]",
      "instances": [
        {
          "schema_version": 0,
          "attributes": {
            "arn": "arn:aws:ec2:us-east-1:517015374353:route-table/rtb-05893bf17cf0078b8",
            "id": "rtb-05893bf17cf0078b8",
            "owner_id": "517015374353",
            "propagating_vgws": [],
            "route": [
              {
                "carrier_gateway_id": "",
                "cidr_block": "0.0.0.0/0",
                "core_network_arn": "",
                "destination_prefix_list_id": "",
                "egress_only_gateway_id": "",
                "gateway_id": "nat-05913c352a53226ce",
                "ipv6_cidr_block": "",
                "local_gateway_id": "",
                "nat_gateway_id": "",
                "network_interface_id": "",
                "transit_gateway_id": "",
                "vpc_endpoint_id": "",
                "vpc_peering_connection_id": ""
              }
            ],
            "tags": {
              "Name": "WP-Private-Rote-Table-AZ1"
            },
            "tags_all": {
              "Name": "WP-Private-Rote-Table-AZ1"
            },
            "timeouts": null,
            "vpc_id": "vpc-0e3a360cc26cc0442"
          },
          "sensitive_attributes": [],
          "private": "eyJlMmJmYjczMC1lY2FhLTExZTYtOGY4OC0zNDM2M2JjN2M0YzAiOnsiY3JlYXRlIjozMDAwMDAwMDAwMDAsImRlbGV0ZSI6MzAwMDAwMDAwMDAwLCJ1cGRhdGUiOjEyMDAwMDAwMDAwMH19",
          "dependencies": [
            "module.network.aws_eip.ElasticIP_AZ1",
            "module.network.aws_nat_gateway.WP_NatGateway_AZ1",
            "module.network.aws_subnet.WP_Subnets",
            "module.network.aws_vpc.WP_VPC"
          ]
        }
      ]
    },
    {
      "module": "module.network",
      "mode": "managed",
      "type": "aws_route_table",
      "name": "WP_Private_Route_Table_AZ2",
      "provider": "provider[\"registry.terraform.io/hashicorp/aws\"]",
      "instances": [
        {
          "schema_version": 0,
          "attributes": {
            "arn": "arn:aws:ec2:us-east-1:517015374353:route-table/rtb-0917564cce89f1bc0",
            "id": "rtb-0917564cce89f1bc0",
            "owner_id": "517015374353",
            "propagating_vgws": [],
            "route": [
              {
                "carrier_gateway_id": "",
                "cidr_block": "0.0.0.0/0",
                "core_network_arn": "",
                "destination_prefix_list_id": "",
                "egress_only_gateway_id": "",
                "gateway_id": "nat-0d123164185700412",
                "ipv6_cidr_block": "",
                "local_gateway_id": "",
                "nat_gateway_id": "",
                "network_interface_id": "",
                "transit_gateway_id": "",
                "vpc_endpoint_id": "",
                "vpc_peering_connection_id": ""
              }
            ],
            "tags": {
              "Name": "WP-Private-Rote-Table-AZ2"
            },
            "tags_all": {
              "Name": "WP-Private-Rote-Table-AZ2"
            },
            "timeouts": null,
            "vpc_id": "vpc-0e3a360cc26cc0442"
          },
          "sensitive_attributes": [],
          "private": "eyJlMmJmYjczMC1lY2FhLTExZTYtOGY4OC0zNDM2M2JjN2M0YzAiOnsiY3JlYXRlIjozMDAwMDAwMDAwMDAsImRlbGV0ZSI6MzAwMDAwMDAwMDAwLCJ1cGRhdGUiOjEyMDAwMDAwMDAwMH19",
          "dependencies": [
            "module.network.aws_eip.ElasticIP_AZ2",
            "module.network.aws_nat_gateway.WP_NatGateway_AZ2",
            "module.network.aws_subnet.WP_Subnets",
            "module.network.aws_vpc.WP_VPC"
          ]
        }
      ]
    },
    {
      "module": "module.network",
      "mode": "managed",
      "type": "aws_route_table",
      "name": "WP_Public_Route_Table",
      "provider": "provider[\"registry.terraform.io/hashicorp/aws\"]",
      "instances": [
        {
          "schema_version": 0,
          "attributes": {
            "arn": "arn:aws:ec2:us-east-1:517015374353:route-table/rtb-0fa6708431291a7e5",
            "id": "rtb-0fa6708431291a7e5",
            "owner_id": "517015374353",
            "propagating_vgws": [],
            "route": [
              {
                "carrier_gateway_id": "",
                "cidr_block": "0.0.0.0/0",
                "core_network_arn": "",
                "destination_prefix_list_id": "",
                "egress_only_gateway_id": "",
                "gateway_id": "igw-03c9dedb4f667a4a9",
                "ipv6_cidr_block": "",
                "local_gateway_id": "",
                "nat_gateway_id": "",
                "network_interface_id": "",
                "transit_gateway_id": "",
                "vpc_endpoint_id": "",
                "vpc_peering_connection_id": ""
              }
            ],
            "tags": {
              "Name": "WP-Public-Rote-Table"
            },
            "tags_all": {
              "Name": "WP-Public-Rote-Table"
            },
            "timeouts": null,
            "vpc_id": "vpc-0e3a360cc26cc0442"
          },
          "sensitive_attributes": [],
          "private": "eyJlMmJmYjczMC1lY2FhLTExZTYtOGY4OC0zNDM2M2JjN2M0YzAiOnsiY3JlYXRlIjozMDAwMDAwMDAwMDAsImRlbGV0ZSI6MzAwMDAwMDAwMDAwLCJ1cGRhdGUiOjEyMDAwMDAwMDAwMH19",
          "dependencies": [
            "module.network.aws_internet_gateway.WP_internetGateway",
            "module.network.aws_vpc.WP_VPC"
          ]
        }
      ]
    },
    {
      "module": "module.network",
      "mode": "managed",
      "type": "aws_route_table_association",
      "name": "Private_Subnet_APP_Association_AZ1",
      "provider": "provider[\"registry.terraform.io/hashicorp/aws\"]",
      "instances": [
        {
          "schema_version": 0,
          "attributes": {
            "gateway_id": "",
            "id": "rtbassoc-0fbfe65ede3dca630",
            "route_table_id": "rtb-05893bf17cf0078b8",
            "subnet_id": "subnet-0397a1e9aba8e3f0a",
            "timeouts": null
          },
          "sensitive_attributes": [],
          "private": "eyJlMmJmYjczMC1lY2FhLTExZTYtOGY4OC0zNDM2M2JjN2M0YzAiOnsiY3JlYXRlIjozMDAwMDAwMDAwMDAsImRlbGV0ZSI6MzAwMDAwMDAwMDAwLCJ1cGRhdGUiOjEyMDAwMDAwMDAwMH19",
          "dependencies": [
            "module.network.aws_eip.ElasticIP_AZ1",
            "module.network.aws_nat_gateway.WP_NatGateway_AZ1",
            "module.network.aws_route_table.WP_Private_Route_Table_AZ1",
            "module.network.aws_subnet.WP_Subnets",
            "module.network.aws_vpc.WP_VPC"
          ]
        }
      ]
    },
    {
      "module": "module.network",
      "mode": "managed",
      "type": "aws_route_table_association",
      "name": "Private_Subnet_APP_Association_AZ2",
      "provider": "provider[\"registry.terraform.io/hashicorp/aws\"]",
      "instances": [
        {
          "schema_version": 0,
          "attributes": {
            "gateway_id": "",
            "id": "rtbassoc-09abb5c9f6c41e9f3",
            "route_table_id": "rtb-0917564cce89f1bc0",
            "subnet_id": "subnet-0ac89b67dc6240f1a",
            "timeouts": null
          },
          "sensitive_attributes": [],
          "private": "eyJlMmJmYjczMC1lY2FhLTExZTYtOGY4OC0zNDM2M2JjN2M0YzAiOnsiY3JlYXRlIjozMDAwMDAwMDAwMDAsImRlbGV0ZSI6MzAwMDAwMDAwMDAwLCJ1cGRhdGUiOjEyMDAwMDAwMDAwMH19",
          "dependencies": [
            "module.network.aws_eip.ElasticIP_AZ2",
            "module.network.aws_nat_gateway.WP_NatGateway_AZ2",
            "module.network.aws_route_table.WP_Private_Route_Table_AZ2",
            "module.network.aws_subnet.WP_Subnets",
            "module.network.aws_vpc.WP_VPC"
          ]
        }
      ]
    },
    {
      "module": "module.network",
      "mode": "managed",
      "type": "aws_route_table_association",
      "name": "Private_Subnet_RDS_Association_AZ1",
      "provider": "provider[\"registry.terraform.io/hashicorp/aws\"]",
      "instances": [
        {
          "schema_version": 0,
          "attributes": {
            "gateway_id": "",
            "id": "rtbassoc-02821ceeece36bca2",
            "route_table_id": "rtb-05893bf17cf0078b8",
            "subnet_id": "subnet-005fe933408024966",
            "timeouts": null
          },
          "sensitive_attributes": [],
          "private": "eyJlMmJmYjczMC1lY2FhLTExZTYtOGY4OC0zNDM2M2JjN2M0YzAiOnsiY3JlYXRlIjozMDAwMDAwMDAwMDAsImRlbGV0ZSI6MzAwMDAwMDAwMDAwLCJ1cGRhdGUiOjEyMDAwMDAwMDAwMH19",
          "dependencies": [
            "module.network.aws_eip.ElasticIP_AZ1",
            "module.network.aws_nat_gateway.WP_NatGateway_AZ1",
            "module.network.aws_route_table.WP_Private_Route_Table_AZ1",
            "module.network.aws_subnet.WP_Subnets",
            "module.network.aws_vpc.WP_VPC"
          ]
        }
      ]
    },
    {
      "module": "module.network",
      "mode": "managed",
      "type": "aws_route_table_association",
      "name": "Private_Subnet_RDS_Association_AZ2",
      "provider": "provider[\"registry.terraform.io/hashicorp/aws\"]",
      "instances": [
        {
          "schema_version": 0,
          "attributes": {
            "gateway_id": "",
            "id": "rtbassoc-0cbc457aca6e5ed6f",
            "route_table_id": "rtb-0917564cce89f1bc0",
            "subnet_id": "subnet-0cb30941c4d13e399",
            "timeouts": null
          },
          "sensitive_attributes": [],
          "private": "eyJlMmJmYjczMC1lY2FhLTExZTYtOGY4OC0zNDM2M2JjN2M0YzAiOnsiY3JlYXRlIjozMDAwMDAwMDAwMDAsImRlbGV0ZSI6MzAwMDAwMDAwMDAwLCJ1cGRhdGUiOjEyMDAwMDAwMDAwMH19",
          "dependencies": [
            "module.network.aws_eip.ElasticIP_AZ2",
            "module.network.aws_nat_gateway.WP_NatGateway_AZ2",
            "module.network.aws_route_table.WP_Private_Route_Table_AZ2",
            "module.network.aws_subnet.WP_Subnets",
            "module.network.aws_vpc.WP_VPC"
          ]
        }
      ]
    },
    {
      "module": "module.network",
      "mode": "managed",
      "type": "aws_route_table_association",
      "name": "Public_Subnet_Association_AZ1",
      "provider": "provider[\"registry.terraform.io/hashicorp/aws\"]",
      "instances": [
        {
          "schema_version": 0,
          "attributes": {
            "gateway_id": "",
            "id": "rtbassoc-0987d126bdd2ece6e",
            "route_table_id": "rtb-0fa6708431291a7e5",
            "subnet_id": "subnet-0cb46a67fcc3e0c4d",
            "timeouts": null
          },
          "sensitive_attributes": [],
          "private": "eyJlMmJmYjczMC1lY2FhLTExZTYtOGY4OC0zNDM2M2JjN2M0YzAiOnsiY3JlYXRlIjozMDAwMDAwMDAwMDAsImRlbGV0ZSI6MzAwMDAwMDAwMDAwLCJ1cGRhdGUiOjEyMDAwMDAwMDAwMH19",
          "dependencies": [
            "module.network.aws_internet_gateway.WP_internetGateway",
            "module.network.aws_route_table.WP_Public_Route_Table",
            "module.network.aws_subnet.WP_Subnets",
            "module.network.aws_vpc.WP_VPC"
          ]
        }
      ]
    },
    {
      "module": "module.network",
      "mode": "managed",
      "type": "aws_route_table_association",
      "name": "Public_Subnet_Association_AZ2",
      "provider": "provider[\"registry.terraform.io/hashicorp/aws\"]",
      "instances": [
        {
          "schema_version": 0,
          "attributes": {
            "gateway_id": "",
            "id": "rtbassoc-0602cbacf824a0089",
            "route_table_id": "rtb-0fa6708431291a7e5",
            "subnet_id": "subnet-04e4a4f7f87176e73",
            "timeouts": null
          },
          "sensitive_attributes": [],
          "private": "eyJlMmJmYjczMC1lY2FhLTExZTYtOGY4OC0zNDM2M2JjN2M0YzAiOnsiY3JlYXRlIjozMDAwMDAwMDAwMDAsImRlbGV0ZSI6MzAwMDAwMDAwMDAwLCJ1cGRhdGUiOjEyMDAwMDAwMDAwMH19",
          "dependencies": [
            "module.network.aws_internet_gateway.WP_internetGateway",
            "module.network.aws_route_table.WP_Public_Route_Table",
            "module.network.aws_subnet.WP_Subnets",
            "module.network.aws_vpc.WP_VPC"
          ]
        }
      ]
    },
    {
      "module": "module.network",
      "mode": "managed",
      "type": "aws_subnet",
      "name": "WP_Subnets",
      "provider": "provider[\"registry.terraform.io/hashicorp/aws\"]",
      "instances": [
        {
          "index_key": "PrivateSubnet1_APP_AZ1",
          "schema_version": 1,
          "attributes": {
            "arn": "arn:aws:ec2:us-east-1:517015374353:subnet/subnet-0397a1e9aba8e3f0a",
            "assign_ipv6_address_on_creation": false,
            "availability_zone": "us-east-1a",
            "availability_zone_id": "use1-az4",
            "cidr_block": "172.16.0.96/28",
            "customer_owned_ipv4_pool": "",
            "enable_dns64": false,
            "enable_lni_at_device_index": 0,
            "enable_resource_name_dns_a_record_on_launch": false,
            "enable_resource_name_dns_aaaa_record_on_launch": false,
            "id": "subnet-0397a1e9aba8e3f0a",
            "ipv6_cidr_block": "",
            "ipv6_cidr_block_association_id": "",
            "ipv6_native": false,
            "map_customer_owned_ip_on_launch": false,
            "map_public_ip_on_launch": false,
            "outpost_arn": "",
            "owner_id": "517015374353",
            "private_dns_hostname_type_on_launch": "ip-name",
            "tags": {
              "Name": "PrivateSubnet1-APP-AZ1"
            },
            "tags_all": {
              "Name": "PrivateSubnet1-APP-AZ1"
            },
            "timeouts": null,
            "vpc_id": "vpc-0e3a360cc26cc0442"
          },
          "sensitive_attributes": [],
          "private": "eyJlMmJmYjczMC1lY2FhLTExZTYtOGY4OC0zNDM2M2JjN2M0YzAiOnsiY3JlYXRlIjo2MDAwMDAwMDAwMDAsImRlbGV0ZSI6MTIwMDAwMDAwMDAwMH0sInNjaGVtYV92ZXJzaW9uIjoiMSJ9",
          "dependencies": [
            "module.network.aws_vpc.WP_VPC"
          ]
        },
        {
          "index_key": "PrivateSubnet2_RDS_AZ1",
          "schema_version": 1,
          "attributes": {
            "arn": "arn:aws:ec2:us-east-1:517015374353:subnet/subnet-005fe933408024966",
            "assign_ipv6_address_on_creation": false,
            "availability_zone": "us-east-1a",
            "availability_zone_id": "use1-az4",
            "cidr_block": "172.16.0.112/28",
            "customer_owned_ipv4_pool": "",
            "enable_dns64": false,
            "enable_lni_at_device_index": 0,
            "enable_resource_name_dns_a_record_on_launch": false,
            "enable_resource_name_dns_aaaa_record_on_launch": false,
            "id": "subnet-005fe933408024966",
            "ipv6_cidr_block": "",
            "ipv6_cidr_block_association_id": "",
            "ipv6_native": false,
            "map_customer_owned_ip_on_launch": false,
            "map_public_ip_on_launch": false,
            "outpost_arn": "",
            "owner_id": "517015374353",
            "private_dns_hostname_type_on_launch": "ip-name",
            "tags": {
              "Name": "PrivateSubnet2-RDS-AZ1"
            },
            "tags_all": {
              "Name": "PrivateSubnet2-RDS-AZ1"
            },
            "timeouts": null,
            "vpc_id": "vpc-0e3a360cc26cc0442"
          },
          "sensitive_attributes": [],
          "private": "eyJlMmJmYjczMC1lY2FhLTExZTYtOGY4OC0zNDM2M2JjN2M0YzAiOnsiY3JlYXRlIjo2MDAwMDAwMDAwMDAsImRlbGV0ZSI6MTIwMDAwMDAwMDAwMH0sInNjaGVtYV92ZXJzaW9uIjoiMSJ9",
          "dependencies": [
            "module.network.aws_vpc.WP_VPC"
          ]
        },
        {
          "index_key": "PrivateSubnet3_APP_AZ2",
          "schema_version": 1,
          "attributes": {
            "arn": "arn:aws:ec2:us-east-1:517015374353:subnet/subnet-0ac89b67dc6240f1a",
            "assign_ipv6_address_on_creation": false,
            "availability_zone": "us-east-1b",
            "availability_zone_id": "use1-az6",
            "cidr_block": "172.16.0.128/28",
            "customer_owned_ipv4_pool": "",
            "enable_dns64": false,
            "enable_lni_at_device_index": 0,
            "enable_resource_name_dns_a_record_on_launch": false,
            "enable_resource_name_dns_aaaa_record_on_launch": false,
            "id": "subnet-0ac89b67dc6240f1a",
            "ipv6_cidr_block": "",
            "ipv6_cidr_block_association_id": "",
            "ipv6_native": false,
            "map_customer_owned_ip_on_launch": false,
            "map_public_ip_on_launch": false,
            "outpost_arn": "",
            "owner_id": "517015374353",
            "private_dns_hostname_type_on_launch": "ip-name",
            "tags": {
              "Name": "PrivateSubnet3-APP-AZ2"
            },
            "tags_all": {
              "Name": "PrivateSubnet3-APP-AZ2"
            },
            "timeouts": null,
            "vpc_id": "vpc-0e3a360cc26cc0442"
          },
          "sensitive_attributes": [],
          "private": "eyJlMmJmYjczMC1lY2FhLTExZTYtOGY4OC0zNDM2M2JjN2M0YzAiOnsiY3JlYXRlIjo2MDAwMDAwMDAwMDAsImRlbGV0ZSI6MTIwMDAwMDAwMDAwMH0sInNjaGVtYV92ZXJzaW9uIjoiMSJ9",
          "dependencies": [
            "module.network.aws_vpc.WP_VPC"
          ]
        },
        {
          "index_key": "PrivateSubnet4_RDS_AZ2",
          "schema_version": 1,
          "attributes": {
            "arn": "arn:aws:ec2:us-east-1:517015374353:subnet/subnet-0cb30941c4d13e399",
            "assign_ipv6_address_on_creation": false,
            "availability_zone": "us-east-1b",
            "availability_zone_id": "use1-az6",
            "cidr_block": "172.16.0.160/28",
            "customer_owned_ipv4_pool": "",
            "enable_dns64": false,
            "enable_lni_at_device_index": 0,
            "enable_resource_name_dns_a_record_on_launch": false,
            "enable_resource_name_dns_aaaa_record_on_launch": false,
            "id": "subnet-0cb30941c4d13e399",
            "ipv6_cidr_block": "",
            "ipv6_cidr_block_association_id": "",
            "ipv6_native": false,
            "map_customer_owned_ip_on_launch": false,
            "map_public_ip_on_launch": false,
            "outpost_arn": "",
            "owner_id": "517015374353",
            "private_dns_hostname_type_on_launch": "ip-name",
            "tags": {
              "Name": "PrivateSubnet4-RDS-AZ2"
            },
            "tags_all": {
              "Name": "PrivateSubnet4-RDS-AZ2"
            },
            "timeouts": null,
            "vpc_id": "vpc-0e3a360cc26cc0442"
          },
          "sensitive_attributes": [],
          "private": "eyJlMmJmYjczMC1lY2FhLTExZTYtOGY4OC0zNDM2M2JjN2M0YzAiOnsiY3JlYXRlIjo2MDAwMDAwMDAwMDAsImRlbGV0ZSI6MTIwMDAwMDAwMDAwMH0sInNjaGVtYV92ZXJzaW9uIjoiMSJ9",
          "dependencies": [
            "module.network.aws_vpc.WP_VPC"
          ]
        },
        {
          "index_key": "PublicSubnet_AZ1",
          "schema_version": 1,
          "attributes": {
            "arn": "arn:aws:ec2:us-east-1:517015374353:subnet/subnet-0cb46a67fcc3e0c4d",
            "assign_ipv6_address_on_creation": false,
            "availability_zone": "us-east-1a",
            "availability_zone_id": "use1-az4",
            "cidr_block": "172.16.0.80/28",
            "customer_owned_ipv4_pool": "",
            "enable_dns64": false,
            "enable_lni_at_device_index": 0,
            "enable_resource_name_dns_a_record_on_launch": false,
            "enable_resource_name_dns_aaaa_record_on_launch": false,
            "id": "subnet-0cb46a67fcc3e0c4d",
            "ipv6_cidr_block": "",
            "ipv6_cidr_block_association_id": "",
            "ipv6_native": false,
            "map_customer_owned_ip_on_launch": false,
            "map_public_ip_on_launch": false,
            "outpost_arn": "",
            "owner_id": "517015374353",
            "private_dns_hostname_type_on_launch": "ip-name",
            "tags": {
              "Name": "PublicSubnet-AZ1"
            },
            "tags_all": {
              "Name": "PublicSubnet-AZ1"
            },
            "timeouts": null,
            "vpc_id": "vpc-0e3a360cc26cc0442"
          },
          "sensitive_attributes": [],
          "private": "eyJlMmJmYjczMC1lY2FhLTExZTYtOGY4OC0zNDM2M2JjN2M0YzAiOnsiY3JlYXRlIjo2MDAwMDAwMDAwMDAsImRlbGV0ZSI6MTIwMDAwMDAwMDAwMH0sInNjaGVtYV92ZXJzaW9uIjoiMSJ9",
          "dependencies": [
            "module.network.aws_vpc.WP_VPC"
          ]
        },
        {
          "index_key": "PublicSubnet_AZ2",
          "schema_version": 1,
          "attributes": {
            "arn": "arn:aws:ec2:us-east-1:517015374353:subnet/subnet-04e4a4f7f87176e73",
            "assign_ipv6_address_on_creation": false,
            "availability_zone": "us-east-1b",
            "availability_zone_id": "use1-az6",
            "cidr_block": "172.16.0.0/28",
            "customer_owned_ipv4_pool": "",
            "enable_dns64": false,
            "enable_lni_at_device_index": 0,
            "enable_resource_name_dns_a_record_on_launch": false,
            "enable_resource_name_dns_aaaa_record_on_launch": false,
            "id": "subnet-04e4a4f7f87176e73",
            "ipv6_cidr_block": "",
            "ipv6_cidr_block_association_id": "",
            "ipv6_native": false,
            "map_customer_owned_ip_on_launch": false,
            "map_public_ip_on_launch": false,
            "outpost_arn": "",
            "owner_id": "517015374353",
            "private_dns_hostname_type_on_launch": "ip-name",
            "tags": {
              "Name": "PublicSubnet-AZ2"
            },
            "tags_all": {
              "Name": "PublicSubnet-AZ2"
            },
            "timeouts": null,
            "vpc_id": "vpc-0e3a360cc26cc0442"
          },
          "sensitive_attributes": [],
          "private": "eyJlMmJmYjczMC1lY2FhLTExZTYtOGY4OC0zNDM2M2JjN2M0YzAiOnsiY3JlYXRlIjo2MDAwMDAwMDAwMDAsImRlbGV0ZSI6MTIwMDAwMDAwMDAwMH0sInNjaGVtYV92ZXJzaW9uIjoiMSJ9",
          "dependencies": [
            "module.network.aws_vpc.WP_VPC"
          ]
        }
      ]
    },
    {
      "module": "module.network",
      "mode": "managed",
      "type": "aws_vpc",
      "name": "WP_VPC",
      "provider": "provider[\"registry.terraform.io/hashicorp/aws\"]",
      "instances": [
        {
          "schema_version": 1,
          "attributes": {
            "arn": "arn:aws:ec2:us-east-1:517015374353:vpc/vpc-0e3a360cc26cc0442",
            "assign_generated_ipv6_cidr_block": false,
            "cidr_block": "172.16.0.0/24",
            "default_network_acl_id": "acl-0ad05208e1f5ccc52",
            "default_route_table_id": "rtb-065f5d5302f79da32",
            "default_security_group_id": "sg-0024a02205e6c103a",
            "dhcp_options_id": "dopt-0e11152c5de379ced",
            "enable_dns_hostnames": true,
            "enable_dns_support": true,
            "enable_network_address_usage_metrics": false,
            "id": "vpc-0e3a360cc26cc0442",
            "instance_tenancy": "default",
            "ipv4_ipam_pool_id": null,
            "ipv4_netmask_length": null,
            "ipv6_association_id": "",
            "ipv6_cidr_block": "",
            "ipv6_cidr_block_network_border_group": "",
            "ipv6_ipam_pool_id": "",
            "ipv6_netmask_length": 0,
            "main_route_table_id": "rtb-065f5d5302f79da32",
            "owner_id": "517015374353",
            "tags": {
              "Name": "WP-VPC"
            },
            "tags_all": {
              "Name": "WP-VPC"
            }
          },
          "sensitive_attributes": [],
          "private": "eyJzY2hlbWFfdmVyc2lvbiI6IjEifQ=="
        }
      ]
    }
  ],
  "check_results": null
}
